
Microsoft Visual Studio Solution File, Format Version 12.00
# Visual Studio 15
VisualStudioVersion = 15.0.28010.2003
MinimumVisualStudioVersion = 10.0.40219.1
Project("{FAE04EC0-301F-11D3-BF4B-00C04F79EFBC}") = "BusCompanySDM", "BusCompanySDM\BusCompanySDM.csproj", "{6BA113B5-1211-4740-A17E-274E7F0ED248}"
EndProject
Project("{FAE04EC0-301F-11D3-BF4B-00C04F79EFBC}") = "msTestBusCompany", "msTestBusCompany\msTestBusCompany.csproj", "{D3A89166-FB63-4D20-AB8E-9E1007750CA9}"
EndProject
Global
	GlobalSection(SolutionConfigurationPlatforms) = preSolution
		Debug|Any CPU = Debug|Any CPU
		Release|Any CPU = Release|Any CPU
	EndGlobalSection
	GlobalSection(ProjectConfigurationPlatforms) = postSolution
		{6BA113B5-1211-4740-A17E-274E7F0ED248}.Debug|Any CPU.ActiveCfg = Debug|Any CPU
		{6BA113B5-1211-4740-A17E-274E7F0ED248}.Debug|Any CPU.Build.0 = Debug|Any CPU
		{6BA113B5-1211-4740-A17E-274E7F0ED248}.Release|Any CPU.ActiveCfg = Release|Any CPU
		{6BA113B5-1211-4740-A17E-274E7F0ED248}.Release|Any CPU.Build.0 = Release|Any CPU
		{D3A89166-FB63-4D20-AB8E-9E1007750CA9}.Debug|Any CPU.ActiveCfg = Debug|Any CPU
		{D3A89166-FB63-4D20-AB8E-9E1007750CA9}.Debug|Any CPU.Build.0 = Debug|Any CPU
		{D3A89166-FB63-4D20-AB8E-9E1007750CA9}.Release|Any CPU.ActiveCfg = Release|Any CPU
		{D3A89166-FB63-4D20-AB8E-9E1007750CA9}.Release|Any CPU.Build.0 = Release|Any CPU
	EndGlobalSection
	GlobalSection(SolutionProperties) = preSolution
		HideSolutionNode = FALSE
	EndGlobalSection
	GlobalSection(ExtensibilityGlobals) = postSolution
		SolutionGuid = {16AFDBAC-C3D0-4C68-A2B7-801DD48C20CE}
	EndGlobalSection
EndGlobal
